
Microsoft Visual Studio Solution File, Format Version 12.00
# Visual Studio Version 17
VisualStudioVersion = 17.9.34622.214
MinimumVisualStudioVersion = 10.0.40219.1
Project("{8BC9CEB8-8B4A-11D0-8D11-00A0C91BC942}") = "ConsoleApplication10", "ConsoleApplication10\ConsoleApplication10.vcxproj", "{9B1854F0-2489-455C-8AF5-87562EB483E0}"
EndProject
Project("{8BC9CEB8-8B4A-11D0-8D11-00A0C91BC942}") = "ConsoleApplication1", "ConsoleApplication1\ConsoleApplication1.vcxproj", "{9B3B26EF-5EBF-4643-AFC8-237BB5269966}"
EndProject
Global
	GlobalSection(SolutionConfigurationPlatforms) = preSolution
		Debug|x64 = Debug|x64
		Debug|x86 = Debug|x86
		Release|x64 = Release|x64
		Release|x86 = Release|x86
	EndGlobalSection
	GlobalSection(ProjectConfigurationPlatforms) = postSolution
		{9B1854F0-2489-455C-8AF5-87562EB483E0}.Debug|x64.ActiveCfg = Debug|x64
		{9B1854F0-2489-455C-8AF5-87562EB483E0}.Debug|x64.Build.0 = Debug|x64
		{9B1854F0-2489-455C-8AF5-87562EB483E0}.Debug|x86.ActiveCfg = Debug|Win32
		{9B1854F0-2489-455C-8AF5-87562EB483E0}.Debug|x86.Build.0 = Debug|Win32
		{9B1854F0-2489-455C-8AF5-87562EB483E0}.Release|x64.ActiveCfg = Release|x64
		{9B1854F0-2489-455C-8AF5-87562EB483E0}.Release|x64.Build.0 = Release|x64
		{9B1854F0-2489-455C-8AF5-87562EB483E0}.Release|x86.ActiveCfg = Release|Win32
		{9B1854F0-2489-455C-8AF5-87562EB483E0}.Release|x86.Build.0 = Release|Win32
		{9B3B26EF-5EBF-4643-AFC8-237BB5269966}.Debug|x64.ActiveCfg = Debug|x64
		{9B3B26EF-5EBF-4643-AFC8-237BB5269966}.Debug|x64.Build.0 = Debug|x64
		{9B3B26EF-5EBF-4643-AFC8-237BB5269966}.Debug|x86.ActiveCfg = Debug|Win32
		{9B3B26EF-5EBF-4643-AFC8-237BB5269966}.Debug|x86.Build.0 = Debug|Win32
		{9B3B26EF-5EBF-4643-AFC8-237BB5269966}.Release|x64.ActiveCfg = Release|x64
		{9B3B26EF-5EBF-4643-AFC8-237BB5269966}.Release|x64.Build.0 = Release|x64
		{9B3B26EF-5EBF-4643-AFC8-237BB5269966}.Release|x86.ActiveCfg = Release|Win32
		{9B3B26EF-5EBF-4643-AFC8-237BB5269966}.Release|x86.Build.0 = Release|Win32
	EndGlobalSection
	GlobalSection(SolutionProperties) = preSolution
		HideSolutionNode = FALSE
	EndGlobalSection
	GlobalSection(ExtensibilityGlobals) = postSolution
		SolutionGuid = {BCCCA51F-D8CA-4544-898B-6C0AB45949A3}
	EndGlobalSection
EndGlobal
